
Microsoft Visual Studio Solution File, Format Version 11.00
# Visual Studio 2010
Project("{FAE04EC0-301F-11D3-BF4B-00C04F79EFBC}") = "Petri", "Projects\Petri.csproj", "{72A6B727-2F7E-4E2C-81AC-570D8EE03B0F}"
EndProject
Project("{FAE04EC0-301F-11D3-BF4B-00C04F79EFBC}") = "PetriMac", "Projects\PetriMac.csproj", "{B36436E7-0E17-4C0E-A664-E9E4B4D77942}"
EndProject
Project("{FAE04EC0-301F-11D3-BF4B-00C04F79EFBC}") = "Test", "Test\Test.csproj", "{B8412830-6539-4240-91E6-E9E3CA1E160E}"
EndProject
Global
	GlobalSection(SolutionConfigurationPlatforms) = preSolution
		Debug|Any CPU = Debug|Any CPU
		Release|Any CPU = Release|Any CPU
	EndGlobalSection
	GlobalSection(ProjectConfigurationPlatforms) = postSolution
		{72A6B727-2F7E-4E2C-81AC-570D8EE03B0F}.Debug|Any CPU.ActiveCfg = Debug|Any CPU
		{72A6B727-2F7E-4E2C-81AC-570D8EE03B0F}.Debug|Any CPU.Build.0 = Debug|Any CPU
		{72A6B727-2F7E-4E2C-81AC-570D8EE03B0F}.Release|Any CPU.ActiveCfg = Release|Any CPU
		{72A6B727-2F7E-4E2C-81AC-570D8EE03B0F}.Release|Any CPU.Build.0 = Release|Any CPU
		{B36436E7-0E17-4C0E-A664-E9E4B4D77942}.Debug|Any CPU.ActiveCfg = Debug|Any CPU
		{B36436E7-0E17-4C0E-A664-E9E4B4D77942}.Debug|Any CPU.Build.0 = Debug|Any CPU
		{B36436E7-0E17-4C0E-A664-E9E4B4D77942}.Release|Any CPU.ActiveCfg = Release|Any CPU
		{B36436E7-0E17-4C0E-A664-E9E4B4D77942}.Release|Any CPU.Build.0 = Release|Any CPU
		{B8412830-6539-4240-91E6-E9E3CA1E160E}.Debug|Any CPU.ActiveCfg = Debug|Any CPU
		{B8412830-6539-4240-91E6-E9E3CA1E160E}.Debug|Any CPU.Build.0 = Debug|Any CPU
		{B8412830-6539-4240-91E6-E9E3CA1E160E}.Release|Any CPU.ActiveCfg = Release|Any CPU
		{B8412830-6539-4240-91E6-E9E3CA1E160E}.Release|Any CPU.Build.0 = Release|Any CPU
	EndGlobalSection
	GlobalSection(MonoDevelopProperties) = preSolution
		version = 1.0
	EndGlobalSection
EndGlobal
